
Microsoft Visual Studio Solution File, Format Version 12.00
# Visual Studio Version 16
VisualStudioVersion = 16.0.30503.244
MinimumVisualStudioVersion = 10.0.40219.1
Project("{FAE04EC0-301F-11D3-BF4B-00C04F79EFBC}") = "SkeletonKeyFinal", "SkeletonKeyFinal\SkeletonKeyFinal.csproj", "{B0706D75-9412-43DC-AB5C-11EDBB1C04C2}"
EndProject
Global
	GlobalSection(SolutionConfigurationPlatforms) = preSolution
		Debug|Any CPU = Debug|Any CPU
		Release|Any CPU = Release|Any CPU
	EndGlobalSection
	GlobalSection(ProjectConfigurationPlatforms) = postSolution
		{B0706D75-9412-43DC-AB5C-11EDBB1C04C2}.Debug|Any CPU.ActiveCfg = Debug|Any CPU
		{B0706D75-9412-43DC-AB5C-11EDBB1C04C2}.Debug|Any CPU.Build.0 = Debug|Any CPU
		{B0706D75-9412-43DC-AB5C-11EDBB1C04C2}.Release|Any CPU.ActiveCfg = Release|Any CPU
		{B0706D75-9412-43DC-AB5C-11EDBB1C04C2}.Release|Any CPU.Build.0 = Release|Any CPU
	EndGlobalSection
	GlobalSection(SolutionProperties) = preSolution
		HideSolutionNode = FALSE
	EndGlobalSection
	GlobalSection(ExtensibilityGlobals) = postSolution
		SolutionGuid = {27D0D5EF-7CB1-4568-9029-BEBC6E9B861E}
	EndGlobalSection
EndGlobal
